
Microsoft Visual Studio Solution File, Format Version 12.00
# Visual Studio Version 17
VisualStudioVersion = 17.14.36414.22 d17.14
MinimumVisualStudioVersion = 10.0.40219.1
Project("{2150E333-8FDC-42A3-9474-1A3956D46DE8}") = "Task0", "Task0", "{02EA681E-C7D8-13C7-8484-4AC65E1B71E8}"
EndProject
Project("{FAE04EC0-301F-11D3-BF4B-00C04F79EFBC}") = "Tyuiu.AtakishievRS.Sprint3.Task0.V25", "Tyuiu.AtakishievRS.Sprint3.Task0.V25\Tyuiu.AtakishievRS.Sprint3.Task0.V25.csproj", "{F00BE78F-CD10-4DA8-8194-C6811C4247ED}"
EndProject
Project("{FAE04EC0-301F-11D3-BF4B-00C04F79EFBC}") = "Tyuiu.AtakishievRS.Sprint3.Task0.V25.Lib", "Tyuiu.AtakishievRS.Sprint3.Task0.V25.Lib\Tyuiu.AtakishievRS.Sprint3.Task0.V25.Lib.csproj", "{E4D5954D-8652-433C-B4BE-DC70EFD72EBB}"
EndProject
Project("{FAE04EC0-301F-11D3-BF4B-00C04F79EFBC}") = "Tyuiu.AtakishievRS.Sprint3.Task0.V25.Test", "Tyuiu.AtakishievRS.Sprint3.Task0.V25.Test\Tyuiu.AtakishievRS.Sprint3.Task0.V25.Test.csproj", "{45DAB6F5-EDE3-4C37-9A49-1160A671A8C7}"
EndProject
Project("{2150E333-8FDC-42A3-9474-1A3956D46DE8}") = "Task1", "Task1", "{24B0B598-8A5F-4073-809B-5C09D875082B}"
EndProject
Project("{FAE04EC0-301F-11D3-BF4B-00C04F79EFBC}") = "Tyuiu.AtakishievRS.Sprint3.Task1.V16", "Tyuiu.AtakishievRS.Sprint3.Task1.V16\Tyuiu.AtakishievRS.Sprint3.Task1.V16.csproj", "{7091B250-B1BB-45EB-8A66-C8AD48F60D6D}"
EndProject
Project("{FAE04EC0-301F-11D3-BF4B-00C04F79EFBC}") = "Tyuiu.AtakishievRS.Sprint3.Task1.V16.Lib", "Tyuiu.AtakishievRS.Sprint3.Task1.V16.Lib\Tyuiu.AtakishievRS.Sprint3.Task1.V16.Lib.csproj", "{C0C799C9-F7D8-41B3-AE39-38677E026FC5}"
EndProject
Project("{FAE04EC0-301F-11D3-BF4B-00C04F79EFBC}") = "Tyuiu.AtakishievRS.Sprint3.Task1.V16.Test", "Tyuiu.AtakishievRS.Sprint3.Task1.V16.Test\Tyuiu.AtakishievRS.Sprint3.Task1.V16.Test.csproj", "{6C4B2C0B-330A-459B-A87C-6C85F7D7CA28}"
EndProject
Project("{2150E333-8FDC-42A3-9474-1A3956D46DE8}") = "Task2", "Task2", "{91B4A7D7-5B2D-4640-AE1F-779B374F1C15}"
EndProject
Project("{FAE04EC0-301F-11D3-BF4B-00C04F79EFBC}") = "Tyuiu.AtakishievRS.Sprint3.Task2.V20", "Tyuiu.AtakishievRS.Sprint3.Task2.V20\Tyuiu.AtakishievRS.Sprint3.Task2.V20.csproj", "{2E5C8992-4C65-4E09-9FFC-5D9B049F5792}"
EndProject
Project("{FAE04EC0-301F-11D3-BF4B-00C04F79EFBC}") = "Tyuiu.AtakishievRS.Sprint3.Task2.V20.Lib", "Tyuiu.AtakishievRS.Sprint3.Task2.V20.Lib\Tyuiu.AtakishievRS.Sprint3.Task2.V20.Lib.csproj", "{647DA357-0482-4B0B-B55C-4D06A9FF8AFA}"
EndProject
Project("{FAE04EC0-301F-11D3-BF4B-00C04F79EFBC}") = "Tyuiu.AtakishievRS.Sprint3.Task2.V20.Test", "Tyuiu.AtakishievRS.Sprint3.Task2.V20.Test\Tyuiu.AtakishievRS.Sprint3.Task2.V20.Test.csproj", "{DC1D56E7-5BD5-49B9-802A-C8645E5C562D}"
EndProject
Project("{2150E333-8FDC-42A3-9474-1A3956D46DE8}") = "Task3", "Task3", "{847A0207-FA5B-41F4-A846-D9F9D0F35D5F}"
EndProject
Project("{FAE04EC0-301F-11D3-BF4B-00C04F79EFBC}") = "Tyuiu.AtakishievRS.Sprint3.Task3.V22", "Tyuiu.AtakishievRS.Sprint3.Task3.V22\Tyuiu.AtakishievRS.Sprint3.Task3.V22.csproj", "{05A09366-0900-4065-8003-05B4A10E77B1}"
EndProject
Project("{FAE04EC0-301F-11D3-BF4B-00C04F79EFBC}") = "Tyuiu.AtakishievRS.Sprint3.Task3.V22.Lib", "Tyuiu.AtakishievRS.Sprint3.Task3.V22.Lib\Tyuiu.AtakishievRS.Sprint3.Task3.V22.Lib.csproj", "{B2EEE0BA-8FE1-47A4-BE04-9D13747170A1}"
EndProject
Project("{FAE04EC0-301F-11D3-BF4B-00C04F79EFBC}") = "Tyuiu.AtakishievRS.Sprint3.Task3.V22.Test", "Tyuiu.AtakishievRS.Sprint3.Task3.V22.Test\Tyuiu.AtakishievRS.Sprint3.Task3.V22.Test.csproj", "{D1851ABE-A8F5-4FF0-BD80-8C021FD2CA02}"
EndProject
Project("{2150E333-8FDC-42A3-9474-1A3956D46DE8}") = "Task4", "Task4", "{22F44F8E-9AB1-4DBB-92ED-3999CB03E41C}"
EndProject
Project("{FAE04EC0-301F-11D3-BF4B-00C04F79EFBC}") = "Tyuiu.AtakishievRS.Sprint3.Task4.V16.Lib", "Tyuiu.AtakishievRS.Sprint3.Task4.V16.Lib\Tyuiu.AtakishievRS.Sprint3.Task4.V16.Lib.csproj", "{E1055035-BA03-4F5C-977B-F012E054C52A}"
EndProject
Project("{FAE04EC0-301F-11D3-BF4B-00C04F79EFBC}") = "Tyuiu.AtakishievRS.Sprint3.Task4.V16.Test", "Tyuiu.AtakishievRS.Sprint3.Task4.V16.Test\Tyuiu.AtakishievRS.Sprint3.Task4.V16.Test.csproj", "{E3C925A5-67CF-4466-9999-5935A3488162}"
EndProject
Project("{FAE04EC0-301F-11D3-BF4B-00C04F79EFBC}") = "Tyuiu.AtakishievRS.Sprint3.Task4.V16", "Tyuiu.AtakishievRS.Sprint3.Task4.V16\Tyuiu.AtakishievRS.Sprint3.Task4.V16.csproj", "{E69CCBAF-040D-40D5-94F2-DCE0D5700C7F}"
EndProject
Project("{2150E333-8FDC-42A3-9474-1A3956D46DE8}") = "Task5", "Task5", "{DC03DECF-6592-44E7-A8B3-32BD0319A744}"
EndProject
Project("{FAE04EC0-301F-11D3-BF4B-00C04F79EFBC}") = "Tyuiu.AtakishievRS.Sprint3.Task5.V26.Lib", "Tyuiu.AtakishievRS.Sprint3.Task5.V26.Lib\Tyuiu.AtakishievRS.Sprint3.Task5.V26.Lib.csproj", "{ED7121B9-939B-4A78-A271-1F15888BCC2B}"
EndProject
Project("{FAE04EC0-301F-11D3-BF4B-00C04F79EFBC}") = "Tyuiu.AtakishievRS.Sprint3.Task5.V26.Test", "Tyuiu.AtakishievRS.Sprint3.Task5.V26.Test\Tyuiu.AtakishievRS.Sprint3.Task5.V26.Test.csproj", "{F3AAECDE-2967-4407-B486-E2AFA1FB0060}"
EndProject
Project("{FAE04EC0-301F-11D3-BF4B-00C04F79EFBC}") = "Tyuiu.AtakishievRS.Sprint3.Task5.V26", "Tyuiu.AtakishievRS.Sprint3.Task5.V26\Tyuiu.AtakishievRS.Sprint3.Task5.V26.csproj", "{CE8E279B-E944-457A-B5A0-28BF27BC9544}"
EndProject
Global
	GlobalSection(SolutionConfigurationPlatforms) = preSolution
		Debug|Any CPU = Debug|Any CPU
		Release|Any CPU = Release|Any CPU
	EndGlobalSection
	GlobalSection(ProjectConfigurationPlatforms) = postSolution
		{F00BE78F-CD10-4DA8-8194-C6811C4247ED}.Debug|Any CPU.ActiveCfg = Debug|Any CPU
		{F00BE78F-CD10-4DA8-8194-C6811C4247ED}.Debug|Any CPU.Build.0 = Debug|Any CPU
		{F00BE78F-CD10-4DA8-8194-C6811C4247ED}.Release|Any CPU.ActiveCfg = Release|Any CPU
		{F00BE78F-CD10-4DA8-8194-C6811C4247ED}.Release|Any CPU.Build.0 = Release|Any CPU
		{E4D5954D-8652-433C-B4BE-DC70EFD72EBB}.Debug|Any CPU.ActiveCfg = Debug|Any CPU
		{E4D5954D-8652-433C-B4BE-DC70EFD72EBB}.Debug|Any CPU.Build.0 = Debug|Any CPU
		{E4D5954D-8652-433C-B4BE-DC70EFD72EBB}.Release|Any CPU.ActiveCfg = Release|Any CPU
		{E4D5954D-8652-433C-B4BE-DC70EFD72EBB}.Release|Any CPU.Build.0 = Release|Any CPU
		{45DAB6F5-EDE3-4C37-9A49-1160A671A8C7}.Debug|Any CPU.ActiveCfg = Debug|Any CPU
		{45DAB6F5-EDE3-4C37-9A49-1160A671A8C7}.Debug|Any CPU.Build.0 = Debug|Any CPU
		{45DAB6F5-EDE3-4C37-9A49-1160A671A8C7}.Release|Any CPU.ActiveCfg = Release|Any CPU
		{45DAB6F5-EDE3-4C37-9A49-1160A671A8C7}.Release|Any CPU.Build.0 = Release|Any CPU
		{7091B250-B1BB-45EB-8A66-C8AD48F60D6D}.Debug|Any CPU.ActiveCfg = Debug|Any CPU
		{7091B250-B1BB-45EB-8A66-C8AD48F60D6D}.Debug|Any CPU.Build.0 = Debug|Any CPU
		{7091B250-B1BB-45EB-8A66-C8AD48F60D6D}.Release|Any CPU.ActiveCfg = Release|Any CPU
		{7091B250-B1BB-45EB-8A66-C8AD48F60D6D}.Release|Any CPU.Build.0 = Release|Any CPU
		{C0C799C9-F7D8-41B3-AE39-38677E026FC5}.Debug|Any CPU.ActiveCfg = Debug|Any CPU
		{C0C799C9-F7D8-41B3-AE39-38677E026FC5}.Debug|Any CPU.Build.0 = Debug|Any CPU
		{C0C799C9-F7D8-41B3-AE39-38677E026FC5}.Release|Any CPU.ActiveCfg = Release|Any CPU
		{C0C799C9-F7D8-41B3-AE39-38677E026FC5}.Release|Any CPU.Build.0 = Release|Any CPU
		{6C4B2C0B-330A-459B-A87C-6C85F7D7CA28}.Debug|Any CPU.ActiveCfg = Debug|Any CPU
		{6C4B2C0B-330A-459B-A87C-6C85F7D7CA28}.Debug|Any CPU.Build.0 = Debug|Any CPU
		{6C4B2C0B-330A-459B-A87C-6C85F7D7CA28}.Release|Any CPU.ActiveCfg = Release|Any CPU
		{6C4B2C0B-330A-459B-A87C-6C85F7D7CA28}.Release|Any CPU.Build.0 = Release|Any CPU
		{2E5C8992-4C65-4E09-9FFC-5D9B049F5792}.Debug|Any CPU.ActiveCfg = Debug|Any CPU
		{2E5C8992-4C65-4E09-9FFC-5D9B049F5792}.Debug|Any CPU.Build.0 = Debug|Any CPU
		{2E5C8992-4C65-4E09-9FFC-5D9B049F5792}.Release|Any CPU.ActiveCfg = Release|Any CPU
		{2E5C8992-4C65-4E09-9FFC-5D9B049F5792}.Release|Any CPU.Build.0 = Release|Any CPU
		{647DA357-0482-4B0B-B55C-4D06A9FF8AFA}.Debug|Any CPU.ActiveCfg = Debug|Any CPU
		{647DA357-0482-4B0B-B55C-4D06A9FF8AFA}.Debug|Any CPU.Build.0 = Debug|Any CPU
		{647DA357-0482-4B0B-B55C-4D06A9FF8AFA}.Release|Any CPU.ActiveCfg = Release|Any CPU
		{647DA357-0482-4B0B-B55C-4D06A9FF8AFA}.Release|Any CPU.Build.0 = Release|Any CPU
		{DC1D56E7-5BD5-49B9-802A-C8645E5C562D}.Debug|Any CPU.ActiveCfg = Debug|Any CPU
		{DC1D56E7-5BD5-49B9-802A-C8645E5C562D}.Debug|Any CPU.Build.0 = Debug|Any CPU
		{DC1D56E7-5BD5-49B9-802A-C8645E5C562D}.Release|Any CPU.ActiveCfg = Release|Any CPU
		{DC1D56E7-5BD5-49B9-802A-C8645E5C562D}.Release|Any CPU.Build.0 = Release|Any CPU
		{05A09366-0900-4065-8003-05B4A10E77B1}.Debug|Any CPU.ActiveCfg = Debug|Any CPU
		{05A09366-0900-4065-8003-05B4A10E77B1}.Debug|Any CPU.Build.0 = Debug|Any CPU
		{05A09366-0900-4065-8003-05B4A10E77B1}.Release|Any CPU.ActiveCfg = Release|Any CPU
		{05A09366-0900-4065-8003-05B4A10E77B1}.Release|Any CPU.Build.0 = Release|Any CPU
		{B2EEE0BA-8FE1-47A4-BE04-9D13747170A1}.Debug|Any CPU.ActiveCfg = Debug|Any CPU
		{B2EEE0BA-8FE1-47A4-BE04-9D13747170A1}.Debug|Any CPU.Build.0 = Debug|Any CPU
		{B2EEE0BA-8FE1-47A4-BE04-9D13747170A1}.Release|Any CPU.ActiveCfg = Release|Any CPU
		{B2EEE0BA-8FE1-47A4-BE04-9D13747170A1}.Release|Any CPU.Build.0 = Release|Any CPU
		{D1851ABE-A8F5-4FF0-BD80-8C021FD2CA02}.Debug|Any CPU.ActiveCfg = Debug|Any CPU
		{D1851ABE-A8F5-4FF0-BD80-8C021FD2CA02}.Debug|Any CPU.Build.0 = Debug|Any CPU
		{D1851ABE-A8F5-4FF0-BD80-8C021FD2CA02}.Release|Any CPU.ActiveCfg = Release|Any CPU
		{D1851ABE-A8F5-4FF0-BD80-8C021FD2CA02}.Release|Any CPU.Build.0 = Release|Any CPU
		{E1055035-BA03-4F5C-977B-F012E054C52A}.Debug|Any CPU.ActiveCfg = Debug|Any CPU
		{E1055035-BA03-4F5C-977B-F012E054C52A}.Debug|Any CPU.Build.0 = Debug|Any CPU
		{E1055035-BA03-4F5C-977B-F012E054C52A}.Release|Any CPU.ActiveCfg = Release|Any CPU
		{E1055035-BA03-4F5C-977B-F012E054C52A}.Release|Any CPU.Build.0 = Release|Any CPU
		{E3C925A5-67CF-4466-9999-5935A3488162}.Debug|Any CPU.ActiveCfg = Debug|Any CPU
		{E3C925A5-67CF-4466-9999-5935A3488162}.Debug|Any CPU.Build.0 = Debug|Any CPU
		{E3C925A5-67CF-4466-9999-5935A3488162}.Release|Any CPU.ActiveCfg = Release|Any CPU
		{E3C925A5-67CF-4466-9999-5935A3488162}.Release|Any CPU.Build.0 = Release|Any CPU
		{E69CCBAF-040D-40D5-94F2-DCE0D5700C7F}.Debug|Any CPU.ActiveCfg = Debug|Any CPU
		{E69CCBAF-040D-40D5-94F2-DCE0D5700C7F}.Debug|Any CPU.Build.0 = Debug|Any CPU
		{E69CCBAF-040D-40D5-94F2-DCE0D5700C7F}.Release|Any CPU.ActiveCfg = Release|Any CPU
		{E69CCBAF-040D-40D5-94F2-DCE0D5700C7F}.Release|Any CPU.Build.0 = Release|Any CPU
		{ED7121B9-939B-4A78-A271-1F15888BCC2B}.Debug|Any CPU.ActiveCfg = Debug|Any CPU
		{ED7121B9-939B-4A78-A271-1F15888BCC2B}.Debug|Any CPU.Build.0 = Debug|Any CPU
		{ED7121B9-939B-4A78-A271-1F15888BCC2B}.Release|Any CPU.ActiveCfg = Release|Any CPU
		{ED7121B9-939B-4A78-A271-1F15888BCC2B}.Release|Any CPU.Build.0 = Release|Any CPU
		{F3AAECDE-2967-4407-B486-E2AFA1FB0060}.Debug|Any CPU.ActiveCfg = Debug|Any CPU
		{F3AAECDE-2967-4407-B486-E2AFA1FB0060}.Debug|Any CPU.Build.0 = Debug|Any CPU
		{F3AAECDE-2967-4407-B486-E2AFA1FB0060}.Release|Any CPU.ActiveCfg = Release|Any CPU
		{F3AAECDE-2967-4407-B486-E2AFA1FB0060}.Release|Any CPU.Build.0 = Release|Any CPU
		{CE8E279B-E944-457A-B5A0-28BF27BC9544}.Debug|Any CPU.ActiveCfg = Debug|Any CPU
		{CE8E279B-E944-457A-B5A0-28BF27BC9544}.Debug|Any CPU.Build.0 = Debug|Any CPU
		{CE8E279B-E944-457A-B5A0-28BF27BC9544}.Release|Any CPU.ActiveCfg = Release|Any CPU
		{CE8E279B-E944-457A-B5A0-28BF27BC9544}.Release|Any CPU.Build.0 = Release|Any CPU
	EndGlobalSection
	GlobalSection(SolutionProperties) = preSolution
		HideSolutionNode = FALSE
	EndGlobalSection
	GlobalSection(NestedProjects) = preSolution
		{F00BE78F-CD10-4DA8-8194-C6811C4247ED} = {02EA681E-C7D8-13C7-8484-4AC65E1B71E8}
		{E4D5954D-8652-433C-B4BE-DC70EFD72EBB} = {02EA681E-C7D8-13C7-8484-4AC65E1B71E8}
		{45DAB6F5-EDE3-4C37-9A49-1160A671A8C7} = {02EA681E-C7D8-13C7-8484-4AC65E1B71E8}
		{7091B250-B1BB-45EB-8A66-C8AD48F60D6D} = {24B0B598-8A5F-4073-809B-5C09D875082B}
		{C0C799C9-F7D8-41B3-AE39-38677E026FC5} = {24B0B598-8A5F-4073-809B-5C09D875082B}
		{6C4B2C0B-330A-459B-A87C-6C85F7D7CA28} = {24B0B598-8A5F-4073-809B-5C09D875082B}
		{2E5C8992-4C65-4E09-9FFC-5D9B049F5792} = {91B4A7D7-5B2D-4640-AE1F-779B374F1C15}
		{647DA357-0482-4B0B-B55C-4D06A9FF8AFA} = {91B4A7D7-5B2D-4640-AE1F-779B374F1C15}
		{DC1D56E7-5BD5-49B9-802A-C8645E5C562D} = {91B4A7D7-5B2D-4640-AE1F-779B374F1C15}
		{05A09366-0900-4065-8003-05B4A10E77B1} = {847A0207-FA5B-41F4-A846-D9F9D0F35D5F}
		{B2EEE0BA-8FE1-47A4-BE04-9D13747170A1} = {847A0207-FA5B-41F4-A846-D9F9D0F35D5F}
		{D1851ABE-A8F5-4FF0-BD80-8C021FD2CA02} = {847A0207-FA5B-41F4-A846-D9F9D0F35D5F}
		{E1055035-BA03-4F5C-977B-F012E054C52A} = {22F44F8E-9AB1-4DBB-92ED-3999CB03E41C}
		{E3C925A5-67CF-4466-9999-5935A3488162} = {22F44F8E-9AB1-4DBB-92ED-3999CB03E41C}
		{E69CCBAF-040D-40D5-94F2-DCE0D5700C7F} = {22F44F8E-9AB1-4DBB-92ED-3999CB03E41C}
		{ED7121B9-939B-4A78-A271-1F15888BCC2B} = {DC03DECF-6592-44E7-A8B3-32BD0319A744}
		{F3AAECDE-2967-4407-B486-E2AFA1FB0060} = {DC03DECF-6592-44E7-A8B3-32BD0319A744}
		{CE8E279B-E944-457A-B5A0-28BF27BC9544} = {DC03DECF-6592-44E7-A8B3-32BD0319A744}
	EndGlobalSection
	GlobalSection(ExtensibilityGlobals) = postSolution
		SolutionGuid = {2732663E-BEAD-4536-B3FB-1067D68CEDDB}
	EndGlobalSection
EndGlobal
