
Microsoft Visual Studio Solution File, Format Version 12.00
# Visual Studio Version 17
VisualStudioVersion = 17.14.36414.22 d17.14
MinimumVisualStudioVersion = 10.0.40219.1
Project("{2150E333-8FDC-42A3-9474-1A3956D46DE8}") = "Task0", "Task0", "{02EA681E-C7D8-13C7-8484-4AC65E1B71E8}"
EndProject
Project("{FAE04EC0-301F-11D3-BF4B-00C04F79EFBC}") = "Tyuiu.AtakishievRS.Sprint3.Task0.V25", "Tyuiu.AtakishievRS.Sprint3.Task0.V25\Tyuiu.AtakishievRS.Sprint3.Task0.V25.csproj", "{F00BE78F-CD10-4DA8-8194-C6811C4247ED}"
EndProject
Project("{FAE04EC0-301F-11D3-BF4B-00C04F79EFBC}") = "Tyuiu.AtakishievRS.Sprint3.Task0.V25.Lib", "Tyuiu.AtakishievRS.Sprint3.Task0.V25.Lib\Tyuiu.AtakishievRS.Sprint3.Task0.V25.Lib.csproj", "{E4D5954D-8652-433C-B4BE-DC70EFD72EBB}"
EndProject
Project("{FAE04EC0-301F-11D3-BF4B-00C04F79EFBC}") = "Tyuiu.AtakishievRS.Sprint3.Task0.V25.Test", "Tyuiu.AtakishievRS.Sprint3.Task0.V25.Test\Tyuiu.AtakishievRS.Sprint3.Task0.V25.Test.csproj", "{45DAB6F5-EDE3-4C37-9A49-1160A671A8C7}"
EndProject
Project("{2150E333-8FDC-42A3-9474-1A3956D46DE8}") = "Task1", "Task1", "{24B0B598-8A5F-4073-809B-5C09D875082B}"
EndProject
Project("{FAE04EC0-301F-11D3-BF4B-00C04F79EFBC}") = "Tyuiu.AtakishievRS.Sprint3.Task1.V16", "Tyuiu.AtakishievRS.Sprint3.Task1.V16\Tyuiu.AtakishievRS.Sprint3.Task1.V16.csproj", "{7091B250-B1BB-45EB-8A66-C8AD48F60D6D}"
EndProject
Project("{FAE04EC0-301F-11D3-BF4B-00C04F79EFBC}") = "Tyuiu.AtakishievRS.Sprint3.Task1.V16.Lib", "Tyuiu.AtakishievRS.Sprint3.Task1.V16.Lib\Tyuiu.AtakishievRS.Sprint3.Task1.V16.Lib.csproj", "{C0C799C9-F7D8-41B3-AE39-38677E026FC5}"
EndProject
Project("{FAE04EC0-301F-11D3-BF4B-00C04F79EFBC}") = "Tyuiu.AtakishievRS.Sprint3.Task1.V16.Test", "Tyuiu.AtakishievRS.Sprint3.Task1.V16.Test\Tyuiu.AtakishievRS.Sprint3.Task1.V16.Test.csproj", "{6C4B2C0B-330A-459B-A87C-6C85F7D7CA28}"
EndProject
Global
	GlobalSection(SolutionConfigurationPlatforms) = preSolution
		Debug|Any CPU = Debug|Any CPU
		Release|Any CPU = Release|Any CPU
	EndGlobalSection
	GlobalSection(ProjectConfigurationPlatforms) = postSolution
		{F00BE78F-CD10-4DA8-8194-C6811C4247ED}.Debug|Any CPU.ActiveCfg = Debug|Any CPU
		{F00BE78F-CD10-4DA8-8194-C6811C4247ED}.Debug|Any CPU.Build.0 = Debug|Any CPU
		{F00BE78F-CD10-4DA8-8194-C6811C4247ED}.Release|Any CPU.ActiveCfg = Release|Any CPU
		{F00BE78F-CD10-4DA8-8194-C6811C4247ED}.Release|Any CPU.Build.0 = Release|Any CPU
		{E4D5954D-8652-433C-B4BE-DC70EFD72EBB}.Debug|Any CPU.ActiveCfg = Debug|Any CPU
		{E4D5954D-8652-433C-B4BE-DC70EFD72EBB}.Debug|Any CPU.Build.0 = Debug|Any CPU
		{E4D5954D-8652-433C-B4BE-DC70EFD72EBB}.Release|Any CPU.ActiveCfg = Release|Any CPU
		{E4D5954D-8652-433C-B4BE-DC70EFD72EBB}.Release|Any CPU.Build.0 = Release|Any CPU
		{45DAB6F5-EDE3-4C37-9A49-1160A671A8C7}.Debug|Any CPU.ActiveCfg = Debug|Any CPU
		{45DAB6F5-EDE3-4C37-9A49-1160A671A8C7}.Debug|Any CPU.Build.0 = Debug|Any CPU
		{45DAB6F5-EDE3-4C37-9A49-1160A671A8C7}.Release|Any CPU.ActiveCfg = Release|Any CPU
		{45DAB6F5-EDE3-4C37-9A49-1160A671A8C7}.Release|Any CPU.Build.0 = Release|Any CPU
		{7091B250-B1BB-45EB-8A66-C8AD48F60D6D}.Debug|Any CPU.ActiveCfg = Debug|Any CPU
		{7091B250-B1BB-45EB-8A66-C8AD48F60D6D}.Debug|Any CPU.Build.0 = Debug|Any CPU
		{7091B250-B1BB-45EB-8A66-C8AD48F60D6D}.Release|Any CPU.ActiveCfg = Release|Any CPU
		{7091B250-B1BB-45EB-8A66-C8AD48F60D6D}.Release|Any CPU.Build.0 = Release|Any CPU
		{C0C799C9-F7D8-41B3-AE39-38677E026FC5}.Debug|Any CPU.ActiveCfg = Debug|Any CPU
		{C0C799C9-F7D8-41B3-AE39-38677E026FC5}.Debug|Any CPU.Build.0 = Debug|Any CPU
		{C0C799C9-F7D8-41B3-AE39-38677E026FC5}.Release|Any CPU.ActiveCfg = Release|Any CPU
		{C0C799C9-F7D8-41B3-AE39-38677E026FC5}.Release|Any CPU.Build.0 = Release|Any CPU
		{6C4B2C0B-330A-459B-A87C-6C85F7D7CA28}.Debug|Any CPU.ActiveCfg = Debug|Any CPU
		{6C4B2C0B-330A-459B-A87C-6C85F7D7CA28}.Debug|Any CPU.Build.0 = Debug|Any CPU
		{6C4B2C0B-330A-459B-A87C-6C85F7D7CA28}.Release|Any CPU.ActiveCfg = Release|Any CPU
		{6C4B2C0B-330A-459B-A87C-6C85F7D7CA28}.Release|Any CPU.Build.0 = Release|Any CPU
	EndGlobalSection
	GlobalSection(SolutionProperties) = preSolution
		HideSolutionNode = FALSE
	EndGlobalSection
	GlobalSection(NestedProjects) = preSolution
		{F00BE78F-CD10-4DA8-8194-C6811C4247ED} = {02EA681E-C7D8-13C7-8484-4AC65E1B71E8}
		{E4D5954D-8652-433C-B4BE-DC70EFD72EBB} = {02EA681E-C7D8-13C7-8484-4AC65E1B71E8}
		{45DAB6F5-EDE3-4C37-9A49-1160A671A8C7} = {02EA681E-C7D8-13C7-8484-4AC65E1B71E8}
		{7091B250-B1BB-45EB-8A66-C8AD48F60D6D} = {24B0B598-8A5F-4073-809B-5C09D875082B}
		{C0C799C9-F7D8-41B3-AE39-38677E026FC5} = {24B0B598-8A5F-4073-809B-5C09D875082B}
		{6C4B2C0B-330A-459B-A87C-6C85F7D7CA28} = {24B0B598-8A5F-4073-809B-5C09D875082B}
	EndGlobalSection
	GlobalSection(ExtensibilityGlobals) = postSolution
		SolutionGuid = {2732663E-BEAD-4536-B3FB-1067D68CEDDB}
	EndGlobalSection
EndGlobal
